
Microsoft Visual Studio Solution File, Format Version 10.00
# Visual Studio 2008
Project("{FAE04EC0-301F-11D3-BF4B-00C04F79EFBC}") = "Web", "Web\Web.csproj", "{B60A74D3-E0D2-4EEF-A989-96FFE8ABB413}"
	ProjectSection(ProjectDependencies) = postProject
		{ED53BD06-EF97-4D53-8020-0F740EC380AA} = {ED53BD06-EF97-4D53-8020-0F740EC380AA}
	EndProjectSection
EndProject
Project("{FAE04EC0-301F-11D3-BF4B-00C04F79EFBC}") = "MC.Mvc", "MC.Mvc\MC.Mvc.csproj", "{819899B5-09C7-4C23-A090-BDEFB154772B}"
EndProject
Project("{FAE04EC0-301F-11D3-BF4B-00C04F79EFBC}") = "MC.UI", "MC.UI\MC.UI.csproj", "{1E40ECBC-19BB-4864-BEB1-DCDE877E12C4}"
EndProject
Project("{FAE04EC0-301F-11D3-BF4B-00C04F79EFBC}") = "MC.WebService", "MC.WebService\MC.WebService.csproj", "{ED53BD06-EF97-4D53-8020-0F740EC380AA}"
EndProject
Project("{FAE04EC0-301F-11D3-BF4B-00C04F79EFBC}") = "MC.DAO", "MC.DAO\MC.DAO.csproj", "{887273A6-9208-42B5-BC0D-928AF9A5C624}"
EndProject
Project("{FAE04EC0-301F-11D3-BF4B-00C04F79EFBC}") = "MC.Model", "MC.Model\MC.Model.csproj", "{5A9E9134-DA61-4869-9CA3-33EAF30CB1AC}"
EndProject
Project("{FAE04EC0-301F-11D3-BF4B-00C04F79EFBC}") = "MC.WcfLib", "MC.WcfLib\MC.WcfLib.csproj", "{36AC65B4-1013-40A5-B79E-D6866A3303EE}"
EndProject
Project("{FAE04EC0-301F-11D3-BF4B-00C04F79EFBC}") = "MC.Wcf", "MC.Wcf\MC.Wcf.csproj", "{0EBF0064-875F-4609-B45B-0740B67A5DEE}"
EndProject
Project("{FAE04EC0-301F-11D3-BF4B-00C04F79EFBC}") = "MC.BLL", "MC.BLL\MC.BLL.csproj", "{8BCBDDCE-5FC4-4956-B27A-9B1F4894A65F}"
EndProject
Global
	GlobalSection(SolutionConfigurationPlatforms) = preSolution
		Debug|Any CPU = Debug|Any CPU
		Release|Any CPU = Release|Any CPU
	EndGlobalSection
	GlobalSection(ProjectConfigurationPlatforms) = postSolution
		{B60A74D3-E0D2-4EEF-A989-96FFE8ABB413}.Debug|Any CPU.ActiveCfg = Debug|Any CPU
		{B60A74D3-E0D2-4EEF-A989-96FFE8ABB413}.Debug|Any CPU.Build.0 = Debug|Any CPU
		{B60A74D3-E0D2-4EEF-A989-96FFE8ABB413}.Release|Any CPU.ActiveCfg = Release|Any CPU
		{B60A74D3-E0D2-4EEF-A989-96FFE8ABB413}.Release|Any CPU.Build.0 = Release|Any CPU
		{819899B5-09C7-4C23-A090-BDEFB154772B}.Debug|Any CPU.ActiveCfg = Debug|Any CPU
		{819899B5-09C7-4C23-A090-BDEFB154772B}.Debug|Any CPU.Build.0 = Debug|Any CPU
		{819899B5-09C7-4C23-A090-BDEFB154772B}.Release|Any CPU.ActiveCfg = Release|Any CPU
		{819899B5-09C7-4C23-A090-BDEFB154772B}.Release|Any CPU.Build.0 = Release|Any CPU
		{1E40ECBC-19BB-4864-BEB1-DCDE877E12C4}.Debug|Any CPU.ActiveCfg = Debug|Any CPU
		{1E40ECBC-19BB-4864-BEB1-DCDE877E12C4}.Debug|Any CPU.Build.0 = Debug|Any CPU
		{1E40ECBC-19BB-4864-BEB1-DCDE877E12C4}.Release|Any CPU.ActiveCfg = Release|Any CPU
		{1E40ECBC-19BB-4864-BEB1-DCDE877E12C4}.Release|Any CPU.Build.0 = Release|Any CPU
		{ED53BD06-EF97-4D53-8020-0F740EC380AA}.Debug|Any CPU.ActiveCfg = Debug|Any CPU
		{ED53BD06-EF97-4D53-8020-0F740EC380AA}.Debug|Any CPU.Build.0 = Debug|Any CPU
		{ED53BD06-EF97-4D53-8020-0F740EC380AA}.Release|Any CPU.ActiveCfg = Release|Any CPU
		{ED53BD06-EF97-4D53-8020-0F740EC380AA}.Release|Any CPU.Build.0 = Release|Any CPU
		{887273A6-9208-42B5-BC0D-928AF9A5C624}.Debug|Any CPU.ActiveCfg = Debug|Any CPU
		{887273A6-9208-42B5-BC0D-928AF9A5C624}.Debug|Any CPU.Build.0 = Debug|Any CPU
		{887273A6-9208-42B5-BC0D-928AF9A5C624}.Release|Any CPU.ActiveCfg = Release|Any CPU
		{887273A6-9208-42B5-BC0D-928AF9A5C624}.Release|Any CPU.Build.0 = Release|Any CPU
		{5A9E9134-DA61-4869-9CA3-33EAF30CB1AC}.Debug|Any CPU.ActiveCfg = Debug|Any CPU
		{5A9E9134-DA61-4869-9CA3-33EAF30CB1AC}.Debug|Any CPU.Build.0 = Debug|Any CPU
		{5A9E9134-DA61-4869-9CA3-33EAF30CB1AC}.Release|Any CPU.ActiveCfg = Release|Any CPU
		{5A9E9134-DA61-4869-9CA3-33EAF30CB1AC}.Release|Any CPU.Build.0 = Release|Any CPU
		{36AC65B4-1013-40A5-B79E-D6866A3303EE}.Debug|Any CPU.ActiveCfg = Debug|Any CPU
		{36AC65B4-1013-40A5-B79E-D6866A3303EE}.Debug|Any CPU.Build.0 = Debug|Any CPU
		{36AC65B4-1013-40A5-B79E-D6866A3303EE}.Release|Any CPU.ActiveCfg = Release|Any CPU
		{36AC65B4-1013-40A5-B79E-D6866A3303EE}.Release|Any CPU.Build.0 = Release|Any CPU
		{0EBF0064-875F-4609-B45B-0740B67A5DEE}.Debug|Any CPU.ActiveCfg = Debug|Any CPU
		{0EBF0064-875F-4609-B45B-0740B67A5DEE}.Debug|Any CPU.Build.0 = Debug|Any CPU
		{0EBF0064-875F-4609-B45B-0740B67A5DEE}.Release|Any CPU.ActiveCfg = Release|Any CPU
		{0EBF0064-875F-4609-B45B-0740B67A5DEE}.Release|Any CPU.Build.0 = Release|Any CPU
		{8BCBDDCE-5FC4-4956-B27A-9B1F4894A65F}.Debug|Any CPU.ActiveCfg = Debug|Any CPU
		{8BCBDDCE-5FC4-4956-B27A-9B1F4894A65F}.Debug|Any CPU.Build.0 = Debug|Any CPU
		{8BCBDDCE-5FC4-4956-B27A-9B1F4894A65F}.Release|Any CPU.ActiveCfg = Release|Any CPU
		{8BCBDDCE-5FC4-4956-B27A-9B1F4894A65F}.Release|Any CPU.Build.0 = Release|Any CPU
	EndGlobalSection
	GlobalSection(SolutionProperties) = preSolution
		HideSolutionNode = FALSE
	EndGlobalSection
EndGlobal
