
Microsoft Visual Studio Solution File, Format Version 10.00
# Visual Studio 2008
Project("{FAE04EC0-301F-11D3-BF4B-00C04F79EFBC}") = "Web", "Web\Web.csproj", "{B60A74D3-E0D2-4EEF-A989-96FFE8ABB413}"
EndProject
Project("{FAE04EC0-301F-11D3-BF4B-00C04F79EFBC}") = "MC.Mvc.Web", "MC.Mvc.Web\MC.Mvc.Web.csproj", "{819899B5-09C7-4C23-A090-BDEFB154772B}"
EndProject
Project("{FAE04EC0-301F-11D3-BF4B-00C04F79EFBC}") = "MC.UI", "UI\MC.UI.csproj", "{1E40ECBC-19BB-4864-BEB1-DCDE877E12C4}"
EndProject
Global
	GlobalSection(SolutionConfigurationPlatforms) = preSolution
		Debug|Any CPU = Debug|Any CPU
		Release|Any CPU = Release|Any CPU
	EndGlobalSection
	GlobalSection(ProjectConfigurationPlatforms) = postSolution
		{B60A74D3-E0D2-4EEF-A989-96FFE8ABB413}.Debug|Any CPU.ActiveCfg = Debug|Any CPU
		{B60A74D3-E0D2-4EEF-A989-96FFE8ABB413}.Debug|Any CPU.Build.0 = Debug|Any CPU
		{B60A74D3-E0D2-4EEF-A989-96FFE8ABB413}.Release|Any CPU.ActiveCfg = Release|Any CPU
		{B60A74D3-E0D2-4EEF-A989-96FFE8ABB413}.Release|Any CPU.Build.0 = Release|Any CPU
		{819899B5-09C7-4C23-A090-BDEFB154772B}.Debug|Any CPU.ActiveCfg = Debug|Any CPU
		{819899B5-09C7-4C23-A090-BDEFB154772B}.Debug|Any CPU.Build.0 = Debug|Any CPU
		{819899B5-09C7-4C23-A090-BDEFB154772B}.Release|Any CPU.ActiveCfg = Release|Any CPU
		{819899B5-09C7-4C23-A090-BDEFB154772B}.Release|Any CPU.Build.0 = Release|Any CPU
		{1E40ECBC-19BB-4864-BEB1-DCDE877E12C4}.Debug|Any CPU.ActiveCfg = Debug|Any CPU
		{1E40ECBC-19BB-4864-BEB1-DCDE877E12C4}.Debug|Any CPU.Build.0 = Debug|Any CPU
		{1E40ECBC-19BB-4864-BEB1-DCDE877E12C4}.Release|Any CPU.ActiveCfg = Release|Any CPU
		{1E40ECBC-19BB-4864-BEB1-DCDE877E12C4}.Release|Any CPU.Build.0 = Release|Any CPU
	EndGlobalSection
	GlobalSection(SolutionProperties) = preSolution
		HideSolutionNode = FALSE
	EndGlobalSection
EndGlobal
